
Microsoft Visual Studio Solution File, Format Version 12.00
# Visual Studio Version 16
VisualStudioVersion = 16.0.31005.135
MinimumVisualStudioVersion = 10.0.40219.1
Project("{9A19103F-16F7-4668-BE54-9A1E7A4F7556}") = "Agenda", "Agenda\Agenda.csproj", "{B527DA3C-97CC-4B37-8A24-D599864DE005}"
EndProject
Global
	GlobalSection(SolutionConfigurationPlatforms) = preSolution
		Debug|Any CPU = Debug|Any CPU
		Release|Any CPU = Release|Any CPU
	EndGlobalSection
	GlobalSection(ProjectConfigurationPlatforms) = postSolution
		{B527DA3C-97CC-4B37-8A24-D599864DE005}.Debug|Any CPU.ActiveCfg = Debug|Any CPU
		{B527DA3C-97CC-4B37-8A24-D599864DE005}.Debug|Any CPU.Build.0 = Debug|Any CPU
		{B527DA3C-97CC-4B37-8A24-D599864DE005}.Release|Any CPU.ActiveCfg = Release|Any CPU
		{B527DA3C-97CC-4B37-8A24-D599864DE005}.Release|Any CPU.Build.0 = Release|Any CPU
	EndGlobalSection
	GlobalSection(SolutionProperties) = preSolution
		HideSolutionNode = FALSE
	EndGlobalSection
	GlobalSection(ExtensibilityGlobals) = postSolution
		SolutionGuid = {5840FA96-2E0E-4601-AFEF-58DA86438D71}
	EndGlobalSection
EndGlobal
